
Microsoft Visual Studio Solution File, Format Version 12.00
# Visual Studio 2017
Project("{FAE04EC0-301F-11D3-BF4B-00C04F79EFBC}") = "qwfq", "qwfq.csproj", "{61DF3285-331E-8EEC-4E47-704F98AA990D}"
EndProject
Project("{FAE04EC0-301F-11D3-BF4B-00C04F79EFBC}") = "qwfq.Editor", "qwfq.Editor.csproj", "{C40C6A5C-22B5-EF95-FA31-FF7C6A48D9D5}"
EndProject
Global
	GlobalSection(SolutionConfigurationPlatforms) = preSolution
		Debug|Any CPU = Debug|Any CPU
		Release|Any CPU = Release|Any CPU
	EndGlobalSection
	GlobalSection(ProjectConfigurationPlatforms) = postSolution
		{61DF3285-331E-8EEC-4E47-704F98AA990D}.Debug|Any CPU.ActiveCfg = Debug|Any CPU
		{61DF3285-331E-8EEC-4E47-704F98AA990D}.Debug|Any CPU.Build.0 = Debug|Any CPU
		{61DF3285-331E-8EEC-4E47-704F98AA990D}.Release|Any CPU.ActiveCfg = Release|Any CPU
		{61DF3285-331E-8EEC-4E47-704F98AA990D}.Release|Any CPU.Build.0 = Release|Any CPU
		{C40C6A5C-22B5-EF95-FA31-FF7C6A48D9D5}.Debug|Any CPU.ActiveCfg = Debug|Any CPU
		{C40C6A5C-22B5-EF95-FA31-FF7C6A48D9D5}.Debug|Any CPU.Build.0 = Debug|Any CPU
		{C40C6A5C-22B5-EF95-FA31-FF7C6A48D9D5}.Release|Any CPU.ActiveCfg = Release|Any CPU
		{C40C6A5C-22B5-EF95-FA31-FF7C6A48D9D5}.Release|Any CPU.Build.0 = Release|Any CPU
	EndGlobalSection
	GlobalSection(SolutionProperties) = preSolution
		HideSolutionNode = FALSE
	EndGlobalSection
EndGlobal
